
Microsoft Visual Studio Solution File, Format Version 11.00
# Visual Studio 2010
Project("{FAE04EC0-301F-11D3-BF4B-00C04F79EFBC}") = "EMS", "EMS\EMS.csproj", "{26EEF5D8-54F0-4621-9519-0B8B9F56094F}"
EndProject
Global
	GlobalSection(SolutionConfigurationPlatforms) = preSolution
		Debug|Any CPU = Debug|Any CPU
		Release|Any CPU = Release|Any CPU
	EndGlobalSection
	GlobalSection(ProjectConfigurationPlatforms) = postSolution
		{26EEF5D8-54F0-4621-9519-0B8B9F56094F}.Debug|Any CPU.ActiveCfg = Debug|Any CPU
		{26EEF5D8-54F0-4621-9519-0B8B9F56094F}.Debug|Any CPU.Build.0 = Debug|Any CPU
		{26EEF5D8-54F0-4621-9519-0B8B9F56094F}.Release|Any CPU.ActiveCfg = Release|Any CPU
		{26EEF5D8-54F0-4621-9519-0B8B9F56094F}.Release|Any CPU.Build.0 = Release|Any CPU
	EndGlobalSection
	GlobalSection(SolutionProperties) = preSolution
		HideSolutionNode = FALSE
	EndGlobalSection
EndGlobal
